%{"amnesia": {:hex, :amnesia, "0.2.5", "3202e0b01e380671274caea32fbe78bbd1989e1215215f41a2d97583e5c7d163", [:mix], [{:exquisite, "~> 0.1.6", [hex: :exquisite, optional: false]}]},
  "bunt": {:hex, :bunt, "0.1.6", "5d95a6882f73f3b9969fdfd1953798046664e6f77ec4e486e6fafc7caad97c6f", [:mix], []},
  "certifi": {:hex, :certifi, "0.7.0", "861a57f3808f7eb0c2d1802afeaae0fa5de813b0df0979153cbafcd853ababaf", [:rebar3], []},
  "credo": {:hex, :credo, "0.5.1", "2395862b94628cadf0f5c68975c1440393f425b955f1e70ce1aea267e00187a1", [:mix], [{:bunt, "~> 0.1.6", [hex: :bunt, optional: false]}]},
  "decimal": {:hex, :decimal, "1.1.2", "79a769d4657b2d537b51ef3c02d29ab7141d2b486b516c109642d453ee08e00c", [:mix], []},
  "ecto": {:hex, :ecto, "1.1.9", "6f30e4662d540c794048e62a04926c1d3c892a2ba4704fe1e19d4a9b5b2f881e", [:mix], [{:decimal, "~> 1.0", [hex: :decimal, optional: false]}, {:mariaex, "~> 0.5.0 or ~> 0.6.0", [hex: :mariaex, optional: true]}, {:poison, "~> 1.0 or ~> 2.0", [hex: :poison, optional: true]}, {:poolboy, "~> 1.4", [hex: :poolboy, optional: false]}, {:postgrex, "~> 0.11.0", [hex: :postgrex, optional: true]}, {:sbroker, "~> 0.7", [hex: :sbroker, optional: true]}]},
  "esqlite": {:hex, :esqlite, "0.2.2", "e4e8b39062a075e0bd4756b894dd2aa8edbf94c9081c1fb5c72dc705bf2f2d88", [:rebar, :make], []},
  "exquisite": {:hex, :exquisite, "0.1.7", "4106503e976f409246731b168cd76eb54262bd04f4facc5cba82c2f53982aaf0", [:mix], []},
  "hackney": {:hex, :hackney, "1.6.3", "d489d7ca2d4323e307bedc4bfe684323a7bf773ecfd77938f3ee8074e488e140", [:rebar3, :mix], [{:certifi, "0.7.0", [hex: :certifi, optional: false]}, {:idna, "1.2.0", [hex: :idna, optional: false]}, {:metrics, "1.0.1", [hex: :metrics, optional: false]}, {:mimerl, "1.0.2", [hex: :mimerl, optional: false]}, {:ssl_verify_fun, "1.1.1", [hex: :ssl_verify_fun, optional: false]}]},
  "httpoison": {:hex, :httpoison, "0.10.0", "4727b3a5e57e9a4ff168a3c2883e20f1208103a41bccc4754f15a9366f49b676", [:mix], [{:hackney, "~> 1.6.3", [hex: :hackney, optional: false]}]},
  "idna": {:hex, :idna, "1.2.0", "ac62ee99da068f43c50dc69acf700e03a62a348360126260e87f2b54eced86b2", [:rebar3], []},
  "metrics": {:hex, :metrics, "1.0.1", "25f094dea2cda98213cecc3aeff09e940299d950904393b2a29d191c346a8486", [:rebar3], []},
  "mimerl": {:hex, :mimerl, "1.0.2", "993f9b0e084083405ed8252b99460c4f0563e41729ab42d9074fd5e52439be88", [:rebar3], []},
  "nadia": {:hex, :nadia, "0.4.1", "e61a3de72437b7c936b7d6fd6353ba0d92078615b719326c0b5f145c9de69175", [:mix], [{:httpoison, "~> 0.9", [hex: :httpoison, optional: false]}, {:poison, "~> 3.0", [hex: :poison, optional: false]}]},
  "pipe": {:hex, :pipe, "0.0.2", "eff98a868b426745acef103081581093ff5c1b88100f8ff5949b4a30e81d0d9f", [:mix], []},
  "poison": {:hex, :poison, "3.0.0", "625ebd64d33ae2e65201c2c14d6c85c27cc8b68f2d0dd37828fde9c6920dd131", [:mix], []},
  "poolboy": {:hex, :poolboy, "1.5.1", "6b46163901cfd0a1b43d692657ed9d7e599853b3b21b95ae5ae0a777cf9b6ca8", [:rebar], []},
  "sqlite_ecto": {:hex, :sqlite_ecto, "1.0.0", "63c1da849c5862c04207928b4a465bdf5e70e84151bed1cdc29d426bd8d8f2ee", [:mix], [{:ecto, "~> 1.0", [hex: :ecto, optional: false]}, {:poison, "~> 1.0", [hex: :poison, optional: false]}, {:sqlitex, "~> 0.8", [hex: :sqlitex, optional: false]}]},
  "sqlitex": {:hex, :sqlitex, "0.8.3", "226901fe73fb9d74a5bc742594074dc3cac725ee632d595a704dd8bf92661044", [:mix], [{:decimal, "~> 1.1.0", [hex: :decimal, optional: false]}, {:esqlite, "~> 0.2.0", [hex: :esqlite, optional: false]}, {:pipe, "~> 0.0.2", [hex: :pipe, optional: false]}]},
  "ssl_verify_fun": {:hex, :ssl_verify_fun, "1.1.1", "28a4d65b7f59893bc2c7de786dec1e1555bd742d336043fe644ae956c3497fbe", [:rebar, :make], []}}
